
Microsoft Visual Studio Solution File, Format Version 12.00
# Visual Studio Version 17
VisualStudioVersion = 17.0.31919.166
MinimumVisualStudioVersion = 10.0.40219.1
Project("{FAE04EC0-301F-11D3-BF4B-00C04F79EFBC}") = "ConsoleApp1", "ConsoleApp1\ConsoleApp1.csproj", "{2EEB6471-7456-4C50-910B-4056D6F6DB36}"
EndProject
Global
	GlobalSection(SolutionConfigurationPlatforms) = preSolution
		Debug|Any CPU = Debug|Any CPU
		Release|Any CPU = Release|Any CPU
	EndGlobalSection
	GlobalSection(ProjectConfigurationPlatforms) = postSolution
		{2EEB6471-7456-4C50-910B-4056D6F6DB36}.Debug|Any CPU.ActiveCfg = Debug|Any CPU
		{2EEB6471-7456-4C50-910B-4056D6F6DB36}.Debug|Any CPU.Build.0 = Debug|Any CPU
		{2EEB6471-7456-4C50-910B-4056D6F6DB36}.Release|Any CPU.ActiveCfg = Release|Any CPU
		{2EEB6471-7456-4C50-910B-4056D6F6DB36}.Release|Any CPU.Build.0 = Release|Any CPU
	EndGlobalSection
	GlobalSection(SolutionProperties) = preSolution
		HideSolutionNode = FALSE
	EndGlobalSection
	GlobalSection(ExtensibilityGlobals) = postSolution
		SolutionGuid = {22F366B6-37B3-48D9-A517-BCD8B36C4DCC}
	EndGlobalSection
EndGlobal
